
Microsoft Visual Studio Solution File, Format Version 12.00
# Visual Studio Version 16
VisualStudioVersion = 16.0.31112.23
MinimumVisualStudioVersion = 10.0.40219.1
Project("{FAE04EC0-301F-11D3-BF4B-00C04F79EFBC}") = "StaticBlogExample", "StaticBlogExample.csproj", "{5E12F551-841C-4F07-B5D3-F37CC16A0908}"
EndProject
Global
	GlobalSection(SolutionConfigurationPlatforms) = preSolution
		Debug|Any CPU = Debug|Any CPU
		Release|Any CPU = Release|Any CPU
	EndGlobalSection
	GlobalSection(ProjectConfigurationPlatforms) = postSolution
		{5E12F551-841C-4F07-B5D3-F37CC16A0908}.Debug|Any CPU.ActiveCfg = Debug|Any CPU
		{5E12F551-841C-4F07-B5D3-F37CC16A0908}.Debug|Any CPU.Build.0 = Debug|Any CPU
		{5E12F551-841C-4F07-B5D3-F37CC16A0908}.Release|Any CPU.ActiveCfg = Release|Any CPU
		{5E12F551-841C-4F07-B5D3-F37CC16A0908}.Release|Any CPU.Build.0 = Release|Any CPU
	EndGlobalSection
	GlobalSection(SolutionProperties) = preSolution
		HideSolutionNode = FALSE
	EndGlobalSection
	GlobalSection(ExtensibilityGlobals) = postSolution
		SolutionGuid = {E4F07605-2E5B-4D52-BE0B-0BA22AFB40F1}
	EndGlobalSection
EndGlobal
